
Microsoft Visual Studio Solution File, Format Version 12.00
# Visual Studio Version 17
VisualStudioVersion = 17.3.32825.248
MinimumVisualStudioVersion = 10.0.40219.1
Project("{9A19103F-16F7-4668-BE54-9A1E7A4F7556}") = "Les01", "GRLessons\Les01.csproj", "{BC8B4122-2ACD-4CEF-BC06-FB44DF2848DE}"
EndProject
Project("{9A19103F-16F7-4668-BE54-9A1E7A4F7556}") = "Les02", "Les02\Les02.csproj", "{444BE21E-3CC5-4273-A7AF-46C32E4B9F0E}"
EndProject
Project("{9A19103F-16F7-4668-BE54-9A1E7A4F7556}") = "Les03", "Les03\Les03.csproj", "{7922445F-98E3-46F8-A9F1-0BA0818B0CAF}"
EndProject
Project("{9A19103F-16F7-4668-BE54-9A1E7A4F7556}") = "Les04", "Les04\Les04.csproj", "{68956FDF-EF49-4810-AE7B-DC0A5E45C5B6}"
EndProject
Project("{9A19103F-16F7-4668-BE54-9A1E7A4F7556}") = "Les05", "Les05\Les05.csproj", "{C3C63FC6-349E-4F9E-B315-981578894DDE}"
EndProject
Project("{9A19103F-16F7-4668-BE54-9A1E7A4F7556}") = "Les06", "Les06\Les06.csproj", "{E010D3CE-E02E-487D-859E-14F07C4E594E}"
EndProject
Project("{9A19103F-16F7-4668-BE54-9A1E7A4F7556}") = "Les07", "Les07\Les07.csproj", "{55BBFD71-57C2-452C-9ED9-FEF23BD7A279}"
EndProject
Project("{9A19103F-16F7-4668-BE54-9A1E7A4F7556}") = "Les08", "Les08\Les08.csproj", "{BDA6CDD2-6B3A-470B-9432-3529619180FE}"
EndProject
Project("{9A19103F-16F7-4668-BE54-9A1E7A4F7556}") = "Les09", "Les09\Les09.csproj", "{FCF89758-C6D8-4940-8249-13D5540E288C}"
EndProject
Project("{8BC9CEB8-8B4A-11D0-8D11-00A0C91BC942}") = "Les10Cpp", "Les10Cpp\Les10Cpp.vcxproj", "{E4507FBC-5132-4C98-85AB-A8A0D9F31761}"
EndProject
Project("{9A19103F-16F7-4668-BE54-9A1E7A4F7556}") = "Les11", "Les11\Les11.csproj", "{EC8C8B6A-D3BC-4B56-B82D-7C1DDE89EEF9}"
EndProject
Project("{9A19103F-16F7-4668-BE54-9A1E7A4F7556}") = "Les12", "Les12\Les12.csproj", "{597BCEA7-B61B-454A-8337-E2A4B274B09F}"
EndProject
Project("{9A19103F-16F7-4668-BE54-9A1E7A4F7556}") = "Les13", "Les13\Les13.csproj", "{347826F5-779B-4CA8-BE7D-23DB0CD153C5}"
EndProject
Project("{9A19103F-16F7-4668-BE54-9A1E7A4F7556}") = "Les14", "Les14\Les14.csproj", "{C6E7C797-7098-48F9-8259-77FC7444FEDF}"
EndProject
Project("{9A19103F-16F7-4668-BE54-9A1E7A4F7556}") = "Les15", "Les15\Les15.csproj", "{811A4E9D-39BC-409E-A113-A899225138DD}"
EndProject
Project("{9A19103F-16F7-4668-BE54-9A1E7A4F7556}") = "ConsoleTest", "ConsoleTest\ConsoleTest.csproj", "{4B3721A4-E3CB-4402-9801-E420931319D9}"
EndProject
Project("{FAE04EC0-301F-11D3-BF4B-00C04F79EFBC}") = "Les15WF", "Less15WF\Les15WF.csproj", "{DBDA04D1-F0A6-43C2-B47F-F4401BD72AE9}"
EndProject
Project("{FAE04EC0-301F-11D3-BF4B-00C04F79EFBC}") = "Les16WF", "Les16WF\Les16WF.csproj", "{EDBB4D67-DEF1-4CE7-88EC-1EC08621EC30}"
EndProject
Project("{FAE04EC0-301F-11D3-BF4B-00C04F79EFBC}") = "Les17WF", "Les17WF\Les17WF.csproj", "{32EAA25B-F06C-4AAB-A750-D27C0664D5C0}"
EndProject
Project("{FAE04EC0-301F-11D3-BF4B-00C04F79EFBC}") = "Les18WF", "Les18WF\Les18WF.csproj", "{0F6D6812-D851-4842-BA88-C843555C63E3}"
EndProject
Project("{9A19103F-16F7-4668-BE54-9A1E7A4F7556}") = "Les19", "Les19\Les19.csproj", "{BC8B4026-66F9-4070-98DB-34EED4A52AA6}"
EndProject
Project("{9A19103F-16F7-4668-BE54-9A1E7A4F7556}") = "Les20", "Les20\Les20.csproj", "{79EB8971-A825-4F82-B4C5-FB6B8DEC3B31}"
EndProject
Project("{9A19103F-16F7-4668-BE54-9A1E7A4F7556}") = "Les21Git", "Les21Git\Les21Git.csproj", "{636A2C51-4F26-43A1-AA6B-965B3D3BAD06}"
EndProject
Project("{9A19103F-16F7-4668-BE54-9A1E7A4F7556}") = "Les22Git", "Les22Git\Les22Git.csproj", "{0C5B1331-3E50-4002-8E24-7A073018469B}"
EndProject
Project("{9A19103F-16F7-4668-BE54-9A1E7A4F7556}") = "Les23", "Les23\Les23.csproj", "{CF30EDCD-AA8C-42E5-823E-7A66C6E7C29B}"
EndProject
Project("{9A19103F-16F7-4668-BE54-9A1E7A4F7556}") = "Les24", "Les24\Les24.csproj", "{D392DF9F-2696-4A8A-95DC-0D173AC4B5D8}"
EndProject
Project("{9A19103F-16F7-4668-BE54-9A1E7A4F7556}") = "Les24Console", "Les24Console\Les24Console.csproj", "{2A986AB7-7BED-4A16-BFF2-6F19049E701C}"
EndProject
Project("{9A19103F-16F7-4668-BE54-9A1E7A4F7556}") = "Les25", "Les25\Les25.csproj", "{0303E969-781C-424B-92BF-BA0797ACD01D}"
EndProject
Project("{9A19103F-16F7-4668-BE54-9A1E7A4F7556}") = "Les26", "Les26\Les26.csproj", "{5D29EF9F-C7A2-46A3-90BB-26644924A126}"
EndProject
Project("{9A19103F-16F7-4668-BE54-9A1E7A4F7556}") = "Les27", "Les27\Les27.csproj", "{7D47BF84-FC68-4CF9-9D63-FEA7F78DEF55}"
EndProject
Project("{9A19103F-16F7-4668-BE54-9A1E7A4F7556}") = "01TelegramBot", "01TelegramBot\01TelegramBot.csproj", "{25462AD3-3C34-4B20-98E1-0B92E7C7ADAF}"
EndProject
Project("{9A19103F-16F7-4668-BE54-9A1E7A4F7556}") = "02TelegramBot", "02TelegramBot\02TelegramBot.csproj", "{88C4FE22-01D8-4445-AF51-92FC7C41EE06}"
EndProject
Project("{9A19103F-16F7-4668-BE54-9A1E7A4F7556}") = "03TelegramBot", "03TelegramBot\03TelegramBot.csproj", "{6C344644-4A12-4F57-8F5A-2E7FB2399238}"
EndProject
Project("{9A19103F-16F7-4668-BE54-9A1E7A4F7556}") = "Les28", "Les28\Les28.csproj", "{BABD384A-65E1-4AB9-BBB1-A56CAA1CCA87}"
EndProject
Project("{FAE04EC0-301F-11D3-BF4B-00C04F79EFBC}") = "FlappyBird", "FlappyBird\FlappyBird.csproj", "{2FFE185F-F059-443C-8D35-D3CDA913C9D2}"
EndProject
Global
	GlobalSection(SolutionConfigurationPlatforms) = preSolution
		Debug|Any CPU = Debug|Any CPU
		Debug|x64 = Debug|x64
		Debug|x86 = Debug|x86
		Release|Any CPU = Release|Any CPU
		Release|x64 = Release|x64
		Release|x86 = Release|x86
	EndGlobalSection
	GlobalSection(ProjectConfigurationPlatforms) = postSolution
		{BC8B4122-2ACD-4CEF-BC06-FB44DF2848DE}.Debug|Any CPU.ActiveCfg = Debug|Any CPU
		{BC8B4122-2ACD-4CEF-BC06-FB44DF2848DE}.Debug|Any CPU.Build.0 = Debug|Any CPU
		{BC8B4122-2ACD-4CEF-BC06-FB44DF2848DE}.Debug|x64.ActiveCfg = Debug|Any CPU
		{BC8B4122-2ACD-4CEF-BC06-FB44DF2848DE}.Debug|x64.Build.0 = Debug|Any CPU
		{BC8B4122-2ACD-4CEF-BC06-FB44DF2848DE}.Debug|x86.ActiveCfg = Debug|Any CPU
		{BC8B4122-2ACD-4CEF-BC06-FB44DF2848DE}.Debug|x86.Build.0 = Debug|Any CPU
		{BC8B4122-2ACD-4CEF-BC06-FB44DF2848DE}.Release|Any CPU.ActiveCfg = Release|Any CPU
		{BC8B4122-2ACD-4CEF-BC06-FB44DF2848DE}.Release|Any CPU.Build.0 = Release|Any CPU
		{BC8B4122-2ACD-4CEF-BC06-FB44DF2848DE}.Release|x64.ActiveCfg = Release|Any CPU
		{BC8B4122-2ACD-4CEF-BC06-FB44DF2848DE}.Release|x64.Build.0 = Release|Any CPU
		{BC8B4122-2ACD-4CEF-BC06-FB44DF2848DE}.Release|x86.ActiveCfg = Release|Any CPU
		{BC8B4122-2ACD-4CEF-BC06-FB44DF2848DE}.Release|x86.Build.0 = Release|Any CPU
		{444BE21E-3CC5-4273-A7AF-46C32E4B9F0E}.Debug|Any CPU.ActiveCfg = Debug|Any CPU
		{444BE21E-3CC5-4273-A7AF-46C32E4B9F0E}.Debug|Any CPU.Build.0 = Debug|Any CPU
		{444BE21E-3CC5-4273-A7AF-46C32E4B9F0E}.Debug|x64.ActiveCfg = Debug|Any CPU
		{444BE21E-3CC5-4273-A7AF-46C32E4B9F0E}.Debug|x64.Build.0 = Debug|Any CPU
		{444BE21E-3CC5-4273-A7AF-46C32E4B9F0E}.Debug|x86.ActiveCfg = Debug|Any CPU
		{444BE21E-3CC5-4273-A7AF-46C32E4B9F0E}.Debug|x86.Build.0 = Debug|Any CPU
		{444BE21E-3CC5-4273-A7AF-46C32E4B9F0E}.Release|Any CPU.ActiveCfg = Release|Any CPU
		{444BE21E-3CC5-4273-A7AF-46C32E4B9F0E}.Release|Any CPU.Build.0 = Release|Any CPU
		{444BE21E-3CC5-4273-A7AF-46C32E4B9F0E}.Release|x64.ActiveCfg = Release|Any CPU
		{444BE21E-3CC5-4273-A7AF-46C32E4B9F0E}.Release|x64.Build.0 = Release|Any CPU
		{444BE21E-3CC5-4273-A7AF-46C32E4B9F0E}.Release|x86.ActiveCfg = Release|Any CPU
		{444BE21E-3CC5-4273-A7AF-46C32E4B9F0E}.Release|x86.Build.0 = Release|Any CPU
		{7922445F-98E3-46F8-A9F1-0BA0818B0CAF}.Debug|Any CPU.ActiveCfg = Debug|Any CPU
		{7922445F-98E3-46F8-A9F1-0BA0818B0CAF}.Debug|Any CPU.Build.0 = Debug|Any CPU
		{7922445F-98E3-46F8-A9F1-0BA0818B0CAF}.Debug|x64.ActiveCfg = Debug|Any CPU
		{7922445F-98E3-46F8-A9F1-0BA0818B0CAF}.Debug|x64.Build.0 = Debug|Any CPU
		{7922445F-98E3-46F8-A9F1-0BA0818B0CAF}.Debug|x86.ActiveCfg = Debug|Any CPU
		{7922445F-98E3-46F8-A9F1-0BA0818B0CAF}.Debug|x86.Build.0 = Debug|Any CPU
		{7922445F-98E3-46F8-A9F1-0BA0818B0CAF}.Release|Any CPU.ActiveCfg = Release|Any CPU
		{7922445F-98E3-46F8-A9F1-0BA0818B0CAF}.Release|Any CPU.Build.0 = Release|Any CPU
		{7922445F-98E3-46F8-A9F1-0BA0818B0CAF}.Release|x64.ActiveCfg = Release|Any CPU
		{7922445F-98E3-46F8-A9F1-0BA0818B0CAF}.Release|x64.Build.0 = Release|Any CPU
		{7922445F-98E3-46F8-A9F1-0BA0818B0CAF}.Release|x86.ActiveCfg = Release|Any CPU
		{7922445F-98E3-46F8-A9F1-0BA0818B0CAF}.Release|x86.Build.0 = Release|Any CPU
		{68956FDF-EF49-4810-AE7B-DC0A5E45C5B6}.Debug|Any CPU.ActiveCfg = Debug|Any CPU
		{68956FDF-EF49-4810-AE7B-DC0A5E45C5B6}.Debug|Any CPU.Build.0 = Debug|Any CPU
		{68956FDF-EF49-4810-AE7B-DC0A5E45C5B6}.Debug|x64.ActiveCfg = Debug|Any CPU
		{68956FDF-EF49-4810-AE7B-DC0A5E45C5B6}.Debug|x64.Build.0 = Debug|Any CPU
		{68956FDF-EF49-4810-AE7B-DC0A5E45C5B6}.Debug|x86.ActiveCfg = Debug|Any CPU
		{68956FDF-EF49-4810-AE7B-DC0A5E45C5B6}.Debug|x86.Build.0 = Debug|Any CPU
		{68956FDF-EF49-4810-AE7B-DC0A5E45C5B6}.Release|Any CPU.ActiveCfg = Release|Any CPU
		{68956FDF-EF49-4810-AE7B-DC0A5E45C5B6}.Release|Any CPU.Build.0 = Release|Any CPU
		{68956FDF-EF49-4810-AE7B-DC0A5E45C5B6}.Release|x64.ActiveCfg = Release|Any CPU
		{68956FDF-EF49-4810-AE7B-DC0A5E45C5B6}.Release|x64.Build.0 = Release|Any CPU
		{68956FDF-EF49-4810-AE7B-DC0A5E45C5B6}.Release|x86.ActiveCfg = Release|Any CPU
		{68956FDF-EF49-4810-AE7B-DC0A5E45C5B6}.Release|x86.Build.0 = Release|Any CPU
		{C3C63FC6-349E-4F9E-B315-981578894DDE}.Debug|Any CPU.ActiveCfg = Debug|Any CPU
		{C3C63FC6-349E-4F9E-B315-981578894DDE}.Debug|Any CPU.Build.0 = Debug|Any CPU
		{C3C63FC6-349E-4F9E-B315-981578894DDE}.Debug|x64.ActiveCfg = Debug|Any CPU
		{C3C63FC6-349E-4F9E-B315-981578894DDE}.Debug|x64.Build.0 = Debug|Any CPU
		{C3C63FC6-349E-4F9E-B315-981578894DDE}.Debug|x86.ActiveCfg = Debug|Any CPU
		{C3C63FC6-349E-4F9E-B315-981578894DDE}.Debug|x86.Build.0 = Debug|Any CPU
		{C3C63FC6-349E-4F9E-B315-981578894DDE}.Release|Any CPU.ActiveCfg = Release|Any CPU
		{C3C63FC6-349E-4F9E-B315-981578894DDE}.Release|Any CPU.Build.0 = Release|Any CPU
		{C3C63FC6-349E-4F9E-B315-981578894DDE}.Release|x64.ActiveCfg = Release|Any CPU
		{C3C63FC6-349E-4F9E-B315-981578894DDE}.Release|x64.Build.0 = Release|Any CPU
		{C3C63FC6-349E-4F9E-B315-981578894DDE}.Release|x86.ActiveCfg = Release|Any CPU
		{C3C63FC6-349E-4F9E-B315-981578894DDE}.Release|x86.Build.0 = Release|Any CPU
		{E010D3CE-E02E-487D-859E-14F07C4E594E}.Debug|Any CPU.ActiveCfg = Debug|Any CPU
		{E010D3CE-E02E-487D-859E-14F07C4E594E}.Debug|Any CPU.Build.0 = Debug|Any CPU
		{E010D3CE-E02E-487D-859E-14F07C4E594E}.Debug|x64.ActiveCfg = Debug|Any CPU
		{E010D3CE-E02E-487D-859E-14F07C4E594E}.Debug|x64.Build.0 = Debug|Any CPU
		{E010D3CE-E02E-487D-859E-14F07C4E594E}.Debug|x86.ActiveCfg = Debug|Any CPU
		{E010D3CE-E02E-487D-859E-14F07C4E594E}.Debug|x86.Build.0 = Debug|Any CPU
		{E010D3CE-E02E-487D-859E-14F07C4E594E}.Release|Any CPU.ActiveCfg = Release|Any CPU
		{E010D3CE-E02E-487D-859E-14F07C4E594E}.Release|Any CPU.Build.0 = Release|Any CPU
		{E010D3CE-E02E-487D-859E-14F07C4E594E}.Release|x64.ActiveCfg = Release|Any CPU
		{E010D3CE-E02E-487D-859E-14F07C4E594E}.Release|x64.Build.0 = Release|Any CPU
		{E010D3CE-E02E-487D-859E-14F07C4E594E}.Release|x86.ActiveCfg = Release|Any CPU
		{E010D3CE-E02E-487D-859E-14F07C4E594E}.Release|x86.Build.0 = Release|Any CPU
		{55BBFD71-57C2-452C-9ED9-FEF23BD7A279}.Debug|Any CPU.ActiveCfg = Debug|Any CPU
		{55BBFD71-57C2-452C-9ED9-FEF23BD7A279}.Debug|Any CPU.Build.0 = Debug|Any CPU
		{55BBFD71-57C2-452C-9ED9-FEF23BD7A279}.Debug|x64.ActiveCfg = Debug|Any CPU
		{55BBFD71-57C2-452C-9ED9-FEF23BD7A279}.Debug|x64.Build.0 = Debug|Any CPU
		{55BBFD71-57C2-452C-9ED9-FEF23BD7A279}.Debug|x86.ActiveCfg = Debug|Any CPU
		{55BBFD71-57C2-452C-9ED9-FEF23BD7A279}.Debug|x86.Build.0 = Debug|Any CPU
		{55BBFD71-57C2-452C-9ED9-FEF23BD7A279}.Release|Any CPU.ActiveCfg = Release|Any CPU
		{55BBFD71-57C2-452C-9ED9-FEF23BD7A279}.Release|Any CPU.Build.0 = Release|Any CPU
		{55BBFD71-57C2-452C-9ED9-FEF23BD7A279}.Release|x64.ActiveCfg = Release|Any CPU
		{55BBFD71-57C2-452C-9ED9-FEF23BD7A279}.Release|x64.Build.0 = Release|Any CPU
		{55BBFD71-57C2-452C-9ED9-FEF23BD7A279}.Release|x86.ActiveCfg = Release|Any CPU
		{55BBFD71-57C2-452C-9ED9-FEF23BD7A279}.Release|x86.Build.0 = Release|Any CPU
		{BDA6CDD2-6B3A-470B-9432-3529619180FE}.Debug|Any CPU.ActiveCfg = Debug|Any CPU
		{BDA6CDD2-6B3A-470B-9432-3529619180FE}.Debug|Any CPU.Build.0 = Debug|Any CPU
		{BDA6CDD2-6B3A-470B-9432-3529619180FE}.Debug|x64.ActiveCfg = Debug|Any CPU
		{BDA6CDD2-6B3A-470B-9432-3529619180FE}.Debug|x64.Build.0 = Debug|Any CPU
		{BDA6CDD2-6B3A-470B-9432-3529619180FE}.Debug|x86.ActiveCfg = Debug|Any CPU
		{BDA6CDD2-6B3A-470B-9432-3529619180FE}.Debug|x86.Build.0 = Debug|Any CPU
		{BDA6CDD2-6B3A-470B-9432-3529619180FE}.Release|Any CPU.ActiveCfg = Release|Any CPU
		{BDA6CDD2-6B3A-470B-9432-3529619180FE}.Release|Any CPU.Build.0 = Release|Any CPU
		{BDA6CDD2-6B3A-470B-9432-3529619180FE}.Release|x64.ActiveCfg = Release|Any CPU
		{BDA6CDD2-6B3A-470B-9432-3529619180FE}.Release|x64.Build.0 = Release|Any CPU
		{BDA6CDD2-6B3A-470B-9432-3529619180FE}.Release|x86.ActiveCfg = Release|Any CPU
		{BDA6CDD2-6B3A-470B-9432-3529619180FE}.Release|x86.Build.0 = Release|Any CPU
		{FCF89758-C6D8-4940-8249-13D5540E288C}.Debug|Any CPU.ActiveCfg = Debug|Any CPU
		{FCF89758-C6D8-4940-8249-13D5540E288C}.Debug|Any CPU.Build.0 = Debug|Any CPU
		{FCF89758-C6D8-4940-8249-13D5540E288C}.Debug|x64.ActiveCfg = Debug|Any CPU
		{FCF89758-C6D8-4940-8249-13D5540E288C}.Debug|x64.Build.0 = Debug|Any CPU
		{FCF89758-C6D8-4940-8249-13D5540E288C}.Debug|x86.ActiveCfg = Debug|Any CPU
		{FCF89758-C6D8-4940-8249-13D5540E288C}.Debug|x86.Build.0 = Debug|Any CPU
		{FCF89758-C6D8-4940-8249-13D5540E288C}.Release|Any CPU.ActiveCfg = Release|Any CPU
		{FCF89758-C6D8-4940-8249-13D5540E288C}.Release|Any CPU.Build.0 = Release|Any CPU
		{FCF89758-C6D8-4940-8249-13D5540E288C}.Release|x64.ActiveCfg = Release|Any CPU
		{FCF89758-C6D8-4940-8249-13D5540E288C}.Release|x64.Build.0 = Release|Any CPU
		{FCF89758-C6D8-4940-8249-13D5540E288C}.Release|x86.ActiveCfg = Release|Any CPU
		{FCF89758-C6D8-4940-8249-13D5540E288C}.Release|x86.Build.0 = Release|Any CPU
		{E4507FBC-5132-4C98-85AB-A8A0D9F31761}.Debug|Any CPU.ActiveCfg = Debug|x64
		{E4507FBC-5132-4C98-85AB-A8A0D9F31761}.Debug|Any CPU.Build.0 = Debug|x64
		{E4507FBC-5132-4C98-85AB-A8A0D9F31761}.Debug|x64.ActiveCfg = Debug|x64
		{E4507FBC-5132-4C98-85AB-A8A0D9F31761}.Debug|x64.Build.0 = Debug|x64
		{E4507FBC-5132-4C98-85AB-A8A0D9F31761}.Debug|x86.ActiveCfg = Debug|Win32
		{E4507FBC-5132-4C98-85AB-A8A0D9F31761}.Debug|x86.Build.0 = Debug|Win32
		{E4507FBC-5132-4C98-85AB-A8A0D9F31761}.Release|Any CPU.ActiveCfg = Release|x64
		{E4507FBC-5132-4C98-85AB-A8A0D9F31761}.Release|Any CPU.Build.0 = Release|x64
		{E4507FBC-5132-4C98-85AB-A8A0D9F31761}.Release|x64.ActiveCfg = Release|x64
		{E4507FBC-5132-4C98-85AB-A8A0D9F31761}.Release|x64.Build.0 = Release|x64
		{E4507FBC-5132-4C98-85AB-A8A0D9F31761}.Release|x86.ActiveCfg = Release|Win32
		{E4507FBC-5132-4C98-85AB-A8A0D9F31761}.Release|x86.Build.0 = Release|Win32
		{EC8C8B6A-D3BC-4B56-B82D-7C1DDE89EEF9}.Debug|Any CPU.ActiveCfg = Debug|Any CPU
		{EC8C8B6A-D3BC-4B56-B82D-7C1DDE89EEF9}.Debug|Any CPU.Build.0 = Debug|Any CPU
		{EC8C8B6A-D3BC-4B56-B82D-7C1DDE89EEF9}.Debug|x64.ActiveCfg = Debug|Any CPU
		{EC8C8B6A-D3BC-4B56-B82D-7C1DDE89EEF9}.Debug|x64.Build.0 = Debug|Any CPU
		{EC8C8B6A-D3BC-4B56-B82D-7C1DDE89EEF9}.Debug|x86.ActiveCfg = Debug|Any CPU
		{EC8C8B6A-D3BC-4B56-B82D-7C1DDE89EEF9}.Debug|x86.Build.0 = Debug|Any CPU
		{EC8C8B6A-D3BC-4B56-B82D-7C1DDE89EEF9}.Release|Any CPU.ActiveCfg = Release|Any CPU
		{EC8C8B6A-D3BC-4B56-B82D-7C1DDE89EEF9}.Release|Any CPU.Build.0 = Release|Any CPU
		{EC8C8B6A-D3BC-4B56-B82D-7C1DDE89EEF9}.Release|x64.ActiveCfg = Release|Any CPU
		{EC8C8B6A-D3BC-4B56-B82D-7C1DDE89EEF9}.Release|x64.Build.0 = Release|Any CPU
		{EC8C8B6A-D3BC-4B56-B82D-7C1DDE89EEF9}.Release|x86.ActiveCfg = Release|Any CPU
		{EC8C8B6A-D3BC-4B56-B82D-7C1DDE89EEF9}.Release|x86.Build.0 = Release|Any CPU
		{597BCEA7-B61B-454A-8337-E2A4B274B09F}.Debug|Any CPU.ActiveCfg = Debug|Any CPU
		{597BCEA7-B61B-454A-8337-E2A4B274B09F}.Debug|Any CPU.Build.0 = Debug|Any CPU
		{597BCEA7-B61B-454A-8337-E2A4B274B09F}.Debug|x64.ActiveCfg = Debug|Any CPU
		{597BCEA7-B61B-454A-8337-E2A4B274B09F}.Debug|x64.Build.0 = Debug|Any CPU
		{597BCEA7-B61B-454A-8337-E2A4B274B09F}.Debug|x86.ActiveCfg = Debug|Any CPU
		{597BCEA7-B61B-454A-8337-E2A4B274B09F}.Debug|x86.Build.0 = Debug|Any CPU
		{597BCEA7-B61B-454A-8337-E2A4B274B09F}.Release|Any CPU.ActiveCfg = Release|Any CPU
		{597BCEA7-B61B-454A-8337-E2A4B274B09F}.Release|Any CPU.Build.0 = Release|Any CPU
		{597BCEA7-B61B-454A-8337-E2A4B274B09F}.Release|x64.ActiveCfg = Release|Any CPU
		{597BCEA7-B61B-454A-8337-E2A4B274B09F}.Release|x64.Build.0 = Release|Any CPU
		{597BCEA7-B61B-454A-8337-E2A4B274B09F}.Release|x86.ActiveCfg = Release|Any CPU
		{597BCEA7-B61B-454A-8337-E2A4B274B09F}.Release|x86.Build.0 = Release|Any CPU
		{347826F5-779B-4CA8-BE7D-23DB0CD153C5}.Debug|Any CPU.ActiveCfg = Debug|Any CPU
		{347826F5-779B-4CA8-BE7D-23DB0CD153C5}.Debug|Any CPU.Build.0 = Debug|Any CPU
		{347826F5-779B-4CA8-BE7D-23DB0CD153C5}.Debug|x64.ActiveCfg = Debug|Any CPU
		{347826F5-779B-4CA8-BE7D-23DB0CD153C5}.Debug|x64.Build.0 = Debug|Any CPU
		{347826F5-779B-4CA8-BE7D-23DB0CD153C5}.Debug|x86.ActiveCfg = Debug|Any CPU
		{347826F5-779B-4CA8-BE7D-23DB0CD153C5}.Debug|x86.Build.0 = Debug|Any CPU
		{347826F5-779B-4CA8-BE7D-23DB0CD153C5}.Release|Any CPU.ActiveCfg = Release|Any CPU
		{347826F5-779B-4CA8-BE7D-23DB0CD153C5}.Release|Any CPU.Build.0 = Release|Any CPU
		{347826F5-779B-4CA8-BE7D-23DB0CD153C5}.Release|x64.ActiveCfg = Release|Any CPU
		{347826F5-779B-4CA8-BE7D-23DB0CD153C5}.Release|x64.Build.0 = Release|Any CPU
		{347826F5-779B-4CA8-BE7D-23DB0CD153C5}.Release|x86.ActiveCfg = Release|Any CPU
		{347826F5-779B-4CA8-BE7D-23DB0CD153C5}.Release|x86.Build.0 = Release|Any CPU
		{C6E7C797-7098-48F9-8259-77FC7444FEDF}.Debug|Any CPU.ActiveCfg = Debug|Any CPU
		{C6E7C797-7098-48F9-8259-77FC7444FEDF}.Debug|Any CPU.Build.0 = Debug|Any CPU
		{C6E7C797-7098-48F9-8259-77FC7444FEDF}.Debug|x64.ActiveCfg = Debug|Any CPU
		{C6E7C797-7098-48F9-8259-77FC7444FEDF}.Debug|x64.Build.0 = Debug|Any CPU
		{C6E7C797-7098-48F9-8259-77FC7444FEDF}.Debug|x86.ActiveCfg = Debug|Any CPU
		{C6E7C797-7098-48F9-8259-77FC7444FEDF}.Debug|x86.Build.0 = Debug|Any CPU
		{C6E7C797-7098-48F9-8259-77FC7444FEDF}.Release|Any CPU.ActiveCfg = Release|Any CPU
		{C6E7C797-7098-48F9-8259-77FC7444FEDF}.Release|Any CPU.Build.0 = Release|Any CPU
		{C6E7C797-7098-48F9-8259-77FC7444FEDF}.Release|x64.ActiveCfg = Release|Any CPU
		{C6E7C797-7098-48F9-8259-77FC7444FEDF}.Release|x64.Build.0 = Release|Any CPU
		{C6E7C797-7098-48F9-8259-77FC7444FEDF}.Release|x86.ActiveCfg = Release|Any CPU
		{C6E7C797-7098-48F9-8259-77FC7444FEDF}.Release|x86.Build.0 = Release|Any CPU
		{811A4E9D-39BC-409E-A113-A899225138DD}.Debug|Any CPU.ActiveCfg = Debug|Any CPU
		{811A4E9D-39BC-409E-A113-A899225138DD}.Debug|Any CPU.Build.0 = Debug|Any CPU
		{811A4E9D-39BC-409E-A113-A899225138DD}.Debug|x64.ActiveCfg = Debug|Any CPU
		{811A4E9D-39BC-409E-A113-A899225138DD}.Debug|x64.Build.0 = Debug|Any CPU
		{811A4E9D-39BC-409E-A113-A899225138DD}.Debug|x86.ActiveCfg = Debug|Any CPU
		{811A4E9D-39BC-409E-A113-A899225138DD}.Debug|x86.Build.0 = Debug|Any CPU
		{811A4E9D-39BC-409E-A113-A899225138DD}.Release|Any CPU.ActiveCfg = Release|Any CPU
		{811A4E9D-39BC-409E-A113-A899225138DD}.Release|Any CPU.Build.0 = Release|Any CPU
		{811A4E9D-39BC-409E-A113-A899225138DD}.Release|x64.ActiveCfg = Release|Any CPU
		{811A4E9D-39BC-409E-A113-A899225138DD}.Release|x64.Build.0 = Release|Any CPU
		{811A4E9D-39BC-409E-A113-A899225138DD}.Release|x86.ActiveCfg = Release|Any CPU
		{811A4E9D-39BC-409E-A113-A899225138DD}.Release|x86.Build.0 = Release|Any CPU
		{4B3721A4-E3CB-4402-9801-E420931319D9}.Debug|Any CPU.ActiveCfg = Debug|Any CPU
		{4B3721A4-E3CB-4402-9801-E420931319D9}.Debug|Any CPU.Build.0 = Debug|Any CPU
		{4B3721A4-E3CB-4402-9801-E420931319D9}.Debug|x64.ActiveCfg = Debug|Any CPU
		{4B3721A4-E3CB-4402-9801-E420931319D9}.Debug|x64.Build.0 = Debug|Any CPU
		{4B3721A4-E3CB-4402-9801-E420931319D9}.Debug|x86.ActiveCfg = Debug|Any CPU
		{4B3721A4-E3CB-4402-9801-E420931319D9}.Debug|x86.Build.0 = Debug|Any CPU
		{4B3721A4-E3CB-4402-9801-E420931319D9}.Release|Any CPU.ActiveCfg = Release|Any CPU
		{4B3721A4-E3CB-4402-9801-E420931319D9}.Release|Any CPU.Build.0 = Release|Any CPU
		{4B3721A4-E3CB-4402-9801-E420931319D9}.Release|x64.ActiveCfg = Release|Any CPU
		{4B3721A4-E3CB-4402-9801-E420931319D9}.Release|x64.Build.0 = Release|Any CPU
		{4B3721A4-E3CB-4402-9801-E420931319D9}.Release|x86.ActiveCfg = Release|Any CPU
		{4B3721A4-E3CB-4402-9801-E420931319D9}.Release|x86.Build.0 = Release|Any CPU
		{DBDA04D1-F0A6-43C2-B47F-F4401BD72AE9}.Debug|Any CPU.ActiveCfg = Debug|Any CPU
		{DBDA04D1-F0A6-43C2-B47F-F4401BD72AE9}.Debug|Any CPU.Build.0 = Debug|Any CPU
		{DBDA04D1-F0A6-43C2-B47F-F4401BD72AE9}.Debug|x64.ActiveCfg = Debug|Any CPU
		{DBDA04D1-F0A6-43C2-B47F-F4401BD72AE9}.Debug|x64.Build.0 = Debug|Any CPU
		{DBDA04D1-F0A6-43C2-B47F-F4401BD72AE9}.Debug|x86.ActiveCfg = Debug|Any CPU
		{DBDA04D1-F0A6-43C2-B47F-F4401BD72AE9}.Debug|x86.Build.0 = Debug|Any CPU
		{DBDA04D1-F0A6-43C2-B47F-F4401BD72AE9}.Release|Any CPU.ActiveCfg = Release|Any CPU
		{DBDA04D1-F0A6-43C2-B47F-F4401BD72AE9}.Release|Any CPU.Build.0 = Release|Any CPU
		{DBDA04D1-F0A6-43C2-B47F-F4401BD72AE9}.Release|x64.ActiveCfg = Release|Any CPU
		{DBDA04D1-F0A6-43C2-B47F-F4401BD72AE9}.Release|x64.Build.0 = Release|Any CPU
		{DBDA04D1-F0A6-43C2-B47F-F4401BD72AE9}.Release|x86.ActiveCfg = Release|Any CPU
		{DBDA04D1-F0A6-43C2-B47F-F4401BD72AE9}.Release|x86.Build.0 = Release|Any CPU
		{EDBB4D67-DEF1-4CE7-88EC-1EC08621EC30}.Debug|Any CPU.ActiveCfg = Debug|Any CPU
		{EDBB4D67-DEF1-4CE7-88EC-1EC08621EC30}.Debug|Any CPU.Build.0 = Debug|Any CPU
		{EDBB4D67-DEF1-4CE7-88EC-1EC08621EC30}.Debug|x64.ActiveCfg = Debug|Any CPU
		{EDBB4D67-DEF1-4CE7-88EC-1EC08621EC30}.Debug|x64.Build.0 = Debug|Any CPU
		{EDBB4D67-DEF1-4CE7-88EC-1EC08621EC30}.Debug|x86.ActiveCfg = Debug|Any CPU
		{EDBB4D67-DEF1-4CE7-88EC-1EC08621EC30}.Debug|x86.Build.0 = Debug|Any CPU
		{EDBB4D67-DEF1-4CE7-88EC-1EC08621EC30}.Release|Any CPU.ActiveCfg = Release|Any CPU
		{EDBB4D67-DEF1-4CE7-88EC-1EC08621EC30}.Release|Any CPU.Build.0 = Release|Any CPU
		{EDBB4D67-DEF1-4CE7-88EC-1EC08621EC30}.Release|x64.ActiveCfg = Release|Any CPU
		{EDBB4D67-DEF1-4CE7-88EC-1EC08621EC30}.Release|x64.Build.0 = Release|Any CPU
		{EDBB4D67-DEF1-4CE7-88EC-1EC08621EC30}.Release|x86.ActiveCfg = Release|Any CPU
		{EDBB4D67-DEF1-4CE7-88EC-1EC08621EC30}.Release|x86.Build.0 = Release|Any CPU
		{32EAA25B-F06C-4AAB-A750-D27C0664D5C0}.Debug|Any CPU.ActiveCfg = Debug|Any CPU
		{32EAA25B-F06C-4AAB-A750-D27C0664D5C0}.Debug|Any CPU.Build.0 = Debug|Any CPU
		{32EAA25B-F06C-4AAB-A750-D27C0664D5C0}.Debug|x64.ActiveCfg = Debug|Any CPU
		{32EAA25B-F06C-4AAB-A750-D27C0664D5C0}.Debug|x64.Build.0 = Debug|Any CPU
		{32EAA25B-F06C-4AAB-A750-D27C0664D5C0}.Debug|x86.ActiveCfg = Debug|Any CPU
		{32EAA25B-F06C-4AAB-A750-D27C0664D5C0}.Debug|x86.Build.0 = Debug|Any CPU
		{32EAA25B-F06C-4AAB-A750-D27C0664D5C0}.Release|Any CPU.ActiveCfg = Release|Any CPU
		{32EAA25B-F06C-4AAB-A750-D27C0664D5C0}.Release|Any CPU.Build.0 = Release|Any CPU
		{32EAA25B-F06C-4AAB-A750-D27C0664D5C0}.Release|x64.ActiveCfg = Release|Any CPU
		{32EAA25B-F06C-4AAB-A750-D27C0664D5C0}.Release|x64.Build.0 = Release|Any CPU
		{32EAA25B-F06C-4AAB-A750-D27C0664D5C0}.Release|x86.ActiveCfg = Release|Any CPU
		{32EAA25B-F06C-4AAB-A750-D27C0664D5C0}.Release|x86.Build.0 = Release|Any CPU
		{0F6D6812-D851-4842-BA88-C843555C63E3}.Debug|Any CPU.ActiveCfg = Debug|Any CPU
		{0F6D6812-D851-4842-BA88-C843555C63E3}.Debug|Any CPU.Build.0 = Debug|Any CPU
		{0F6D6812-D851-4842-BA88-C843555C63E3}.Debug|x64.ActiveCfg = Debug|Any CPU
		{0F6D6812-D851-4842-BA88-C843555C63E3}.Debug|x64.Build.0 = Debug|Any CPU
		{0F6D6812-D851-4842-BA88-C843555C63E3}.Debug|x86.ActiveCfg = Debug|Any CPU
		{0F6D6812-D851-4842-BA88-C843555C63E3}.Debug|x86.Build.0 = Debug|Any CPU
		{0F6D6812-D851-4842-BA88-C843555C63E3}.Release|Any CPU.ActiveCfg = Release|Any CPU
		{0F6D6812-D851-4842-BA88-C843555C63E3}.Release|Any CPU.Build.0 = Release|Any CPU
		{0F6D6812-D851-4842-BA88-C843555C63E3}.Release|x64.ActiveCfg = Release|Any CPU
		{0F6D6812-D851-4842-BA88-C843555C63E3}.Release|x64.Build.0 = Release|Any CPU
		{0F6D6812-D851-4842-BA88-C843555C63E3}.Release|x86.ActiveCfg = Release|Any CPU
		{0F6D6812-D851-4842-BA88-C843555C63E3}.Release|x86.Build.0 = Release|Any CPU
		{BC8B4026-66F9-4070-98DB-34EED4A52AA6}.Debug|Any CPU.ActiveCfg = Debug|Any CPU
		{BC8B4026-66F9-4070-98DB-34EED4A52AA6}.Debug|Any CPU.Build.0 = Debug|Any CPU
		{BC8B4026-66F9-4070-98DB-34EED4A52AA6}.Debug|x64.ActiveCfg = Debug|Any CPU
		{BC8B4026-66F9-4070-98DB-34EED4A52AA6}.Debug|x64.Build.0 = Debug|Any CPU
		{BC8B4026-66F9-4070-98DB-34EED4A52AA6}.Debug|x86.ActiveCfg = Debug|Any CPU
		{BC8B4026-66F9-4070-98DB-34EED4A52AA6}.Debug|x86.Build.0 = Debug|Any CPU
		{BC8B4026-66F9-4070-98DB-34EED4A52AA6}.Release|Any CPU.ActiveCfg = Release|Any CPU
		{BC8B4026-66F9-4070-98DB-34EED4A52AA6}.Release|Any CPU.Build.0 = Release|Any CPU
		{BC8B4026-66F9-4070-98DB-34EED4A52AA6}.Release|x64.ActiveCfg = Release|Any CPU
		{BC8B4026-66F9-4070-98DB-34EED4A52AA6}.Release|x64.Build.0 = Release|Any CPU
		{BC8B4026-66F9-4070-98DB-34EED4A52AA6}.Release|x86.ActiveCfg = Release|Any CPU
		{BC8B4026-66F9-4070-98DB-34EED4A52AA6}.Release|x86.Build.0 = Release|Any CPU
		{79EB8971-A825-4F82-B4C5-FB6B8DEC3B31}.Debug|Any CPU.ActiveCfg = Debug|Any CPU
		{79EB8971-A825-4F82-B4C5-FB6B8DEC3B31}.Debug|Any CPU.Build.0 = Debug|Any CPU
		{79EB8971-A825-4F82-B4C5-FB6B8DEC3B31}.Debug|x64.ActiveCfg = Debug|Any CPU
		{79EB8971-A825-4F82-B4C5-FB6B8DEC3B31}.Debug|x64.Build.0 = Debug|Any CPU
		{79EB8971-A825-4F82-B4C5-FB6B8DEC3B31}.Debug|x86.ActiveCfg = Debug|Any CPU
		{79EB8971-A825-4F82-B4C5-FB6B8DEC3B31}.Debug|x86.Build.0 = Debug|Any CPU
		{79EB8971-A825-4F82-B4C5-FB6B8DEC3B31}.Release|Any CPU.ActiveCfg = Release|Any CPU
		{79EB8971-A825-4F82-B4C5-FB6B8DEC3B31}.Release|Any CPU.Build.0 = Release|Any CPU
		{79EB8971-A825-4F82-B4C5-FB6B8DEC3B31}.Release|x64.ActiveCfg = Release|Any CPU
		{79EB8971-A825-4F82-B4C5-FB6B8DEC3B31}.Release|x64.Build.0 = Release|Any CPU
		{79EB8971-A825-4F82-B4C5-FB6B8DEC3B31}.Release|x86.ActiveCfg = Release|Any CPU
		{79EB8971-A825-4F82-B4C5-FB6B8DEC3B31}.Release|x86.Build.0 = Release|Any CPU
		{636A2C51-4F26-43A1-AA6B-965B3D3BAD06}.Debug|Any CPU.ActiveCfg = Debug|Any CPU
		{636A2C51-4F26-43A1-AA6B-965B3D3BAD06}.Debug|Any CPU.Build.0 = Debug|Any CPU
		{636A2C51-4F26-43A1-AA6B-965B3D3BAD06}.Debug|x64.ActiveCfg = Debug|Any CPU
		{636A2C51-4F26-43A1-AA6B-965B3D3BAD06}.Debug|x64.Build.0 = Debug|Any CPU
		{636A2C51-4F26-43A1-AA6B-965B3D3BAD06}.Debug|x86.ActiveCfg = Debug|Any CPU
		{636A2C51-4F26-43A1-AA6B-965B3D3BAD06}.Debug|x86.Build.0 = Debug|Any CPU
		{636A2C51-4F26-43A1-AA6B-965B3D3BAD06}.Release|Any CPU.ActiveCfg = Release|Any CPU
		{636A2C51-4F26-43A1-AA6B-965B3D3BAD06}.Release|Any CPU.Build.0 = Release|Any CPU
		{636A2C51-4F26-43A1-AA6B-965B3D3BAD06}.Release|x64.ActiveCfg = Release|Any CPU
		{636A2C51-4F26-43A1-AA6B-965B3D3BAD06}.Release|x64.Build.0 = Release|Any CPU
		{636A2C51-4F26-43A1-AA6B-965B3D3BAD06}.Release|x86.ActiveCfg = Release|Any CPU
		{636A2C51-4F26-43A1-AA6B-965B3D3BAD06}.Release|x86.Build.0 = Release|Any CPU
		{0C5B1331-3E50-4002-8E24-7A073018469B}.Debug|Any CPU.ActiveCfg = Debug|Any CPU
		{0C5B1331-3E50-4002-8E24-7A073018469B}.Debug|Any CPU.Build.0 = Debug|Any CPU
		{0C5B1331-3E50-4002-8E24-7A073018469B}.Debug|x64.ActiveCfg = Debug|Any CPU
		{0C5B1331-3E50-4002-8E24-7A073018469B}.Debug|x64.Build.0 = Debug|Any CPU
		{0C5B1331-3E50-4002-8E24-7A073018469B}.Debug|x86.ActiveCfg = Debug|Any CPU
		{0C5B1331-3E50-4002-8E24-7A073018469B}.Debug|x86.Build.0 = Debug|Any CPU
		{0C5B1331-3E50-4002-8E24-7A073018469B}.Release|Any CPU.ActiveCfg = Release|Any CPU
		{0C5B1331-3E50-4002-8E24-7A073018469B}.Release|Any CPU.Build.0 = Release|Any CPU
		{0C5B1331-3E50-4002-8E24-7A073018469B}.Release|x64.ActiveCfg = Release|Any CPU
		{0C5B1331-3E50-4002-8E24-7A073018469B}.Release|x64.Build.0 = Release|Any CPU
		{0C5B1331-3E50-4002-8E24-7A073018469B}.Release|x86.ActiveCfg = Release|Any CPU
		{0C5B1331-3E50-4002-8E24-7A073018469B}.Release|x86.Build.0 = Release|Any CPU
		{CF30EDCD-AA8C-42E5-823E-7A66C6E7C29B}.Debug|Any CPU.ActiveCfg = Debug|Any CPU
		{CF30EDCD-AA8C-42E5-823E-7A66C6E7C29B}.Debug|Any CPU.Build.0 = Debug|Any CPU
		{CF30EDCD-AA8C-42E5-823E-7A66C6E7C29B}.Debug|x64.ActiveCfg = Debug|Any CPU
		{CF30EDCD-AA8C-42E5-823E-7A66C6E7C29B}.Debug|x64.Build.0 = Debug|Any CPU
		{CF30EDCD-AA8C-42E5-823E-7A66C6E7C29B}.Debug|x86.ActiveCfg = Debug|Any CPU
		{CF30EDCD-AA8C-42E5-823E-7A66C6E7C29B}.Debug|x86.Build.0 = Debug|Any CPU
		{CF30EDCD-AA8C-42E5-823E-7A66C6E7C29B}.Release|Any CPU.ActiveCfg = Release|Any CPU
		{CF30EDCD-AA8C-42E5-823E-7A66C6E7C29B}.Release|Any CPU.Build.0 = Release|Any CPU
		{CF30EDCD-AA8C-42E5-823E-7A66C6E7C29B}.Release|x64.ActiveCfg = Release|Any CPU
		{CF30EDCD-AA8C-42E5-823E-7A66C6E7C29B}.Release|x64.Build.0 = Release|Any CPU
		{CF30EDCD-AA8C-42E5-823E-7A66C6E7C29B}.Release|x86.ActiveCfg = Release|Any CPU
		{CF30EDCD-AA8C-42E5-823E-7A66C6E7C29B}.Release|x86.Build.0 = Release|Any CPU
		{D392DF9F-2696-4A8A-95DC-0D173AC4B5D8}.Debug|Any CPU.ActiveCfg = Debug|Any CPU
		{D392DF9F-2696-4A8A-95DC-0D173AC4B5D8}.Debug|Any CPU.Build.0 = Debug|Any CPU
		{D392DF9F-2696-4A8A-95DC-0D173AC4B5D8}.Debug|x64.ActiveCfg = Debug|Any CPU
		{D392DF9F-2696-4A8A-95DC-0D173AC4B5D8}.Debug|x64.Build.0 = Debug|Any CPU
		{D392DF9F-2696-4A8A-95DC-0D173AC4B5D8}.Debug|x86.ActiveCfg = Debug|Any CPU
		{D392DF9F-2696-4A8A-95DC-0D173AC4B5D8}.Debug|x86.Build.0 = Debug|Any CPU
		{D392DF9F-2696-4A8A-95DC-0D173AC4B5D8}.Release|Any CPU.ActiveCfg = Release|Any CPU
		{D392DF9F-2696-4A8A-95DC-0D173AC4B5D8}.Release|Any CPU.Build.0 = Release|Any CPU
		{D392DF9F-2696-4A8A-95DC-0D173AC4B5D8}.Release|x64.ActiveCfg = Release|Any CPU
		{D392DF9F-2696-4A8A-95DC-0D173AC4B5D8}.Release|x64.Build.0 = Release|Any CPU
		{D392DF9F-2696-4A8A-95DC-0D173AC4B5D8}.Release|x86.ActiveCfg = Release|Any CPU
		{D392DF9F-2696-4A8A-95DC-0D173AC4B5D8}.Release|x86.Build.0 = Release|Any CPU
		{2A986AB7-7BED-4A16-BFF2-6F19049E701C}.Debug|Any CPU.ActiveCfg = Debug|Any CPU
		{2A986AB7-7BED-4A16-BFF2-6F19049E701C}.Debug|Any CPU.Build.0 = Debug|Any CPU
		{2A986AB7-7BED-4A16-BFF2-6F19049E701C}.Debug|x64.ActiveCfg = Debug|Any CPU
		{2A986AB7-7BED-4A16-BFF2-6F19049E701C}.Debug|x64.Build.0 = Debug|Any CPU
		{2A986AB7-7BED-4A16-BFF2-6F19049E701C}.Debug|x86.ActiveCfg = Debug|Any CPU
		{2A986AB7-7BED-4A16-BFF2-6F19049E701C}.Debug|x86.Build.0 = Debug|Any CPU
		{2A986AB7-7BED-4A16-BFF2-6F19049E701C}.Release|Any CPU.ActiveCfg = Release|Any CPU
		{2A986AB7-7BED-4A16-BFF2-6F19049E701C}.Release|Any CPU.Build.0 = Release|Any CPU
		{2A986AB7-7BED-4A16-BFF2-6F19049E701C}.Release|x64.ActiveCfg = Release|Any CPU
		{2A986AB7-7BED-4A16-BFF2-6F19049E701C}.Release|x64.Build.0 = Release|Any CPU
		{2A986AB7-7BED-4A16-BFF2-6F19049E701C}.Release|x86.ActiveCfg = Release|Any CPU
		{2A986AB7-7BED-4A16-BFF2-6F19049E701C}.Release|x86.Build.0 = Release|Any CPU
		{0303E969-781C-424B-92BF-BA0797ACD01D}.Debug|Any CPU.ActiveCfg = Debug|Any CPU
		{0303E969-781C-424B-92BF-BA0797ACD01D}.Debug|Any CPU.Build.0 = Debug|Any CPU
		{0303E969-781C-424B-92BF-BA0797ACD01D}.Debug|x64.ActiveCfg = Debug|Any CPU
		{0303E969-781C-424B-92BF-BA0797ACD01D}.Debug|x64.Build.0 = Debug|Any CPU
		{0303E969-781C-424B-92BF-BA0797ACD01D}.Debug|x86.ActiveCfg = Debug|Any CPU
		{0303E969-781C-424B-92BF-BA0797ACD01D}.Debug|x86.Build.0 = Debug|Any CPU
		{0303E969-781C-424B-92BF-BA0797ACD01D}.Release|Any CPU.ActiveCfg = Release|Any CPU
		{0303E969-781C-424B-92BF-BA0797ACD01D}.Release|Any CPU.Build.0 = Release|Any CPU
		{0303E969-781C-424B-92BF-BA0797ACD01D}.Release|x64.ActiveCfg = Release|Any CPU
		{0303E969-781C-424B-92BF-BA0797ACD01D}.Release|x64.Build.0 = Release|Any CPU
		{0303E969-781C-424B-92BF-BA0797ACD01D}.Release|x86.ActiveCfg = Release|Any CPU
		{0303E969-781C-424B-92BF-BA0797ACD01D}.Release|x86.Build.0 = Release|Any CPU
		{5D29EF9F-C7A2-46A3-90BB-26644924A126}.Debug|Any CPU.ActiveCfg = Debug|Any CPU
		{5D29EF9F-C7A2-46A3-90BB-26644924A126}.Debug|Any CPU.Build.0 = Debug|Any CPU
		{5D29EF9F-C7A2-46A3-90BB-26644924A126}.Debug|x64.ActiveCfg = Debug|Any CPU
		{5D29EF9F-C7A2-46A3-90BB-26644924A126}.Debug|x64.Build.0 = Debug|Any CPU
		{5D29EF9F-C7A2-46A3-90BB-26644924A126}.Debug|x86.ActiveCfg = Debug|Any CPU
		{5D29EF9F-C7A2-46A3-90BB-26644924A126}.Debug|x86.Build.0 = Debug|Any CPU
		{5D29EF9F-C7A2-46A3-90BB-26644924A126}.Release|Any CPU.ActiveCfg = Release|Any CPU
		{5D29EF9F-C7A2-46A3-90BB-26644924A126}.Release|Any CPU.Build.0 = Release|Any CPU
		{5D29EF9F-C7A2-46A3-90BB-26644924A126}.Release|x64.ActiveCfg = Release|Any CPU
		{5D29EF9F-C7A2-46A3-90BB-26644924A126}.Release|x64.Build.0 = Release|Any CPU
		{5D29EF9F-C7A2-46A3-90BB-26644924A126}.Release|x86.ActiveCfg = Release|Any CPU
		{5D29EF9F-C7A2-46A3-90BB-26644924A126}.Release|x86.Build.0 = Release|Any CPU
		{7D47BF84-FC68-4CF9-9D63-FEA7F78DEF55}.Debug|Any CPU.ActiveCfg = Debug|Any CPU
		{7D47BF84-FC68-4CF9-9D63-FEA7F78DEF55}.Debug|Any CPU.Build.0 = Debug|Any CPU
		{7D47BF84-FC68-4CF9-9D63-FEA7F78DEF55}.Debug|x64.ActiveCfg = Debug|Any CPU
		{7D47BF84-FC68-4CF9-9D63-FEA7F78DEF55}.Debug|x64.Build.0 = Debug|Any CPU
		{7D47BF84-FC68-4CF9-9D63-FEA7F78DEF55}.Debug|x86.ActiveCfg = Debug|Any CPU
		{7D47BF84-FC68-4CF9-9D63-FEA7F78DEF55}.Debug|x86.Build.0 = Debug|Any CPU
		{7D47BF84-FC68-4CF9-9D63-FEA7F78DEF55}.Release|Any CPU.ActiveCfg = Release|Any CPU
		{7D47BF84-FC68-4CF9-9D63-FEA7F78DEF55}.Release|Any CPU.Build.0 = Release|Any CPU
		{7D47BF84-FC68-4CF9-9D63-FEA7F78DEF55}.Release|x64.ActiveCfg = Release|Any CPU
		{7D47BF84-FC68-4CF9-9D63-FEA7F78DEF55}.Release|x64.Build.0 = Release|Any CPU
		{7D47BF84-FC68-4CF9-9D63-FEA7F78DEF55}.Release|x86.ActiveCfg = Release|Any CPU
		{7D47BF84-FC68-4CF9-9D63-FEA7F78DEF55}.Release|x86.Build.0 = Release|Any CPU
		{25462AD3-3C34-4B20-98E1-0B92E7C7ADAF}.Debug|Any CPU.ActiveCfg = Debug|Any CPU
		{25462AD3-3C34-4B20-98E1-0B92E7C7ADAF}.Debug|Any CPU.Build.0 = Debug|Any CPU
		{25462AD3-3C34-4B20-98E1-0B92E7C7ADAF}.Debug|x64.ActiveCfg = Debug|Any CPU
		{25462AD3-3C34-4B20-98E1-0B92E7C7ADAF}.Debug|x64.Build.0 = Debug|Any CPU
		{25462AD3-3C34-4B20-98E1-0B92E7C7ADAF}.Debug|x86.ActiveCfg = Debug|Any CPU
		{25462AD3-3C34-4B20-98E1-0B92E7C7ADAF}.Debug|x86.Build.0 = Debug|Any CPU
		{25462AD3-3C34-4B20-98E1-0B92E7C7ADAF}.Release|Any CPU.ActiveCfg = Release|Any CPU
		{25462AD3-3C34-4B20-98E1-0B92E7C7ADAF}.Release|Any CPU.Build.0 = Release|Any CPU
		{25462AD3-3C34-4B20-98E1-0B92E7C7ADAF}.Release|x64.ActiveCfg = Release|Any CPU
		{25462AD3-3C34-4B20-98E1-0B92E7C7ADAF}.Release|x64.Build.0 = Release|Any CPU
		{25462AD3-3C34-4B20-98E1-0B92E7C7ADAF}.Release|x86.ActiveCfg = Release|Any CPU
		{25462AD3-3C34-4B20-98E1-0B92E7C7ADAF}.Release|x86.Build.0 = Release|Any CPU
		{88C4FE22-01D8-4445-AF51-92FC7C41EE06}.Debug|Any CPU.ActiveCfg = Debug|Any CPU
		{88C4FE22-01D8-4445-AF51-92FC7C41EE06}.Debug|Any CPU.Build.0 = Debug|Any CPU
		{88C4FE22-01D8-4445-AF51-92FC7C41EE06}.Debug|x64.ActiveCfg = Debug|Any CPU
		{88C4FE22-01D8-4445-AF51-92FC7C41EE06}.Debug|x64.Build.0 = Debug|Any CPU
		{88C4FE22-01D8-4445-AF51-92FC7C41EE06}.Debug|x86.ActiveCfg = Debug|Any CPU
		{88C4FE22-01D8-4445-AF51-92FC7C41EE06}.Debug|x86.Build.0 = Debug|Any CPU
		{88C4FE22-01D8-4445-AF51-92FC7C41EE06}.Release|Any CPU.ActiveCfg = Release|Any CPU
		{88C4FE22-01D8-4445-AF51-92FC7C41EE06}.Release|Any CPU.Build.0 = Release|Any CPU
		{88C4FE22-01D8-4445-AF51-92FC7C41EE06}.Release|x64.ActiveCfg = Release|Any CPU
		{88C4FE22-01D8-4445-AF51-92FC7C41EE06}.Release|x64.Build.0 = Release|Any CPU
		{88C4FE22-01D8-4445-AF51-92FC7C41EE06}.Release|x86.ActiveCfg = Release|Any CPU
		{88C4FE22-01D8-4445-AF51-92FC7C41EE06}.Release|x86.Build.0 = Release|Any CPU
		{6C344644-4A12-4F57-8F5A-2E7FB2399238}.Debug|Any CPU.ActiveCfg = Debug|Any CPU
		{6C344644-4A12-4F57-8F5A-2E7FB2399238}.Debug|Any CPU.Build.0 = Debug|Any CPU
		{6C344644-4A12-4F57-8F5A-2E7FB2399238}.Debug|x64.ActiveCfg = Debug|Any CPU
		{6C344644-4A12-4F57-8F5A-2E7FB2399238}.Debug|x64.Build.0 = Debug|Any CPU
		{6C344644-4A12-4F57-8F5A-2E7FB2399238}.Debug|x86.ActiveCfg = Debug|Any CPU
		{6C344644-4A12-4F57-8F5A-2E7FB2399238}.Debug|x86.Build.0 = Debug|Any CPU
		{6C344644-4A12-4F57-8F5A-2E7FB2399238}.Release|Any CPU.ActiveCfg = Release|Any CPU
		{6C344644-4A12-4F57-8F5A-2E7FB2399238}.Release|Any CPU.Build.0 = Release|Any CPU
		{6C344644-4A12-4F57-8F5A-2E7FB2399238}.Release|x64.ActiveCfg = Release|Any CPU
		{6C344644-4A12-4F57-8F5A-2E7FB2399238}.Release|x64.Build.0 = Release|Any CPU
		{6C344644-4A12-4F57-8F5A-2E7FB2399238}.Release|x86.ActiveCfg = Release|Any CPU
		{6C344644-4A12-4F57-8F5A-2E7FB2399238}.Release|x86.Build.0 = Release|Any CPU
		{BABD384A-65E1-4AB9-BBB1-A56CAA1CCA87}.Debug|Any CPU.ActiveCfg = Debug|Any CPU
		{BABD384A-65E1-4AB9-BBB1-A56CAA1CCA87}.Debug|Any CPU.Build.0 = Debug|Any CPU
		{BABD384A-65E1-4AB9-BBB1-A56CAA1CCA87}.Debug|x64.ActiveCfg = Debug|Any CPU
		{BABD384A-65E1-4AB9-BBB1-A56CAA1CCA87}.Debug|x64.Build.0 = Debug|Any CPU
		{BABD384A-65E1-4AB9-BBB1-A56CAA1CCA87}.Debug|x86.ActiveCfg = Debug|Any CPU
		{BABD384A-65E1-4AB9-BBB1-A56CAA1CCA87}.Debug|x86.Build.0 = Debug|Any CPU
		{BABD384A-65E1-4AB9-BBB1-A56CAA1CCA87}.Release|Any CPU.ActiveCfg = Release|Any CPU
		{BABD384A-65E1-4AB9-BBB1-A56CAA1CCA87}.Release|Any CPU.Build.0 = Release|Any CPU
		{BABD384A-65E1-4AB9-BBB1-A56CAA1CCA87}.Release|x64.ActiveCfg = Release|Any CPU
		{BABD384A-65E1-4AB9-BBB1-A56CAA1CCA87}.Release|x64.Build.0 = Release|Any CPU
		{BABD384A-65E1-4AB9-BBB1-A56CAA1CCA87}.Release|x86.ActiveCfg = Release|Any CPU
		{BABD384A-65E1-4AB9-BBB1-A56CAA1CCA87}.Release|x86.Build.0 = Release|Any CPU
		{2FFE185F-F059-443C-8D35-D3CDA913C9D2}.Debug|Any CPU.ActiveCfg = Debug|Any CPU
		{2FFE185F-F059-443C-8D35-D3CDA913C9D2}.Debug|Any CPU.Build.0 = Debug|Any CPU
		{2FFE185F-F059-443C-8D35-D3CDA913C9D2}.Debug|x64.ActiveCfg = Debug|Any CPU
		{2FFE185F-F059-443C-8D35-D3CDA913C9D2}.Debug|x64.Build.0 = Debug|Any CPU
		{2FFE185F-F059-443C-8D35-D3CDA913C9D2}.Debug|x86.ActiveCfg = Debug|Any CPU
		{2FFE185F-F059-443C-8D35-D3CDA913C9D2}.Debug|x86.Build.0 = Debug|Any CPU
		{2FFE185F-F059-443C-8D35-D3CDA913C9D2}.Release|Any CPU.ActiveCfg = Release|Any CPU
		{2FFE185F-F059-443C-8D35-D3CDA913C9D2}.Release|Any CPU.Build.0 = Release|Any CPU
		{2FFE185F-F059-443C-8D35-D3CDA913C9D2}.Release|x64.ActiveCfg = Release|Any CPU
		{2FFE185F-F059-443C-8D35-D3CDA913C9D2}.Release|x64.Build.0 = Release|Any CPU
		{2FFE185F-F059-443C-8D35-D3CDA913C9D2}.Release|x86.ActiveCfg = Release|Any CPU
		{2FFE185F-F059-443C-8D35-D3CDA913C9D2}.Release|x86.Build.0 = Release|Any CPU
	EndGlobalSection
	GlobalSection(SolutionProperties) = preSolution
		HideSolutionNode = FALSE
	EndGlobalSection
	GlobalSection(ExtensibilityGlobals) = postSolution
		SolutionGuid = {B62A5A7B-8220-4730-8806-C9C78C3101E1}
	EndGlobalSection
EndGlobal
